
Microsoft Visual Studio Solution File, Format Version 12.00
# Visual Studio Version 16
VisualStudioVersion = 16.0.31402.337
MinimumVisualStudioVersion = 10.0.40219.1
Project("{FAE04EC0-301F-11D3-BF4B-00C04F79EFBC}") = "Project Service", "class library\Project Service.csproj", "{DA39AA86-4349-4F54-B6FE-7F7C3F1915B1}"
EndProject
Project("{FAE04EC0-301F-11D3-BF4B-00C04F79EFBC}") = "MVC Application", "MVC Application\MVC Application.csproj", "{14654BA6-2128-4B38-A7F4-CFD462F6225D}"
EndProject
Global
	GlobalSection(SolutionConfigurationPlatforms) = preSolution
		Debug|Any CPU = Debug|Any CPU
		Release|Any CPU = Release|Any CPU
	EndGlobalSection
	GlobalSection(ProjectConfigurationPlatforms) = postSolution
		{DA39AA86-4349-4F54-B6FE-7F7C3F1915B1}.Debug|Any CPU.ActiveCfg = Debug|Any CPU
		{DA39AA86-4349-4F54-B6FE-7F7C3F1915B1}.Debug|Any CPU.Build.0 = Debug|Any CPU
		{DA39AA86-4349-4F54-B6FE-7F7C3F1915B1}.Release|Any CPU.ActiveCfg = Release|Any CPU
		{DA39AA86-4349-4F54-B6FE-7F7C3F1915B1}.Release|Any CPU.Build.0 = Release|Any CPU
		{14654BA6-2128-4B38-A7F4-CFD462F6225D}.Debug|Any CPU.ActiveCfg = Debug|Any CPU
		{14654BA6-2128-4B38-A7F4-CFD462F6225D}.Debug|Any CPU.Build.0 = Debug|Any CPU
		{14654BA6-2128-4B38-A7F4-CFD462F6225D}.Release|Any CPU.ActiveCfg = Release|Any CPU
		{14654BA6-2128-4B38-A7F4-CFD462F6225D}.Release|Any CPU.Build.0 = Release|Any CPU
	EndGlobalSection
	GlobalSection(SolutionProperties) = preSolution
		HideSolutionNode = FALSE
	EndGlobalSection
	GlobalSection(ExtensibilityGlobals) = postSolution
		SolutionGuid = {1908543B-0883-4A04-89FF-1BE1FBE441D7}
	EndGlobalSection
EndGlobal
